
Microsoft Visual Studio Solution File, Format Version 12.00
# Visual Studio 15
VisualStudioVersion = 15.0.27130.2036
MinimumVisualStudioVersion = 10.0.40219.1
Project("{9A19103F-16F7-4668-BE54-9A1E7A4F7556}") = "MicCRM", "MicCRM\MicCRM.csproj", "{27772084-D5B8-4F48-B358-F1F3C55E47D2}"
EndProject
Global
	GlobalSection(SolutionConfigurationPlatforms) = preSolution
		Debug|Any CPU = Debug|Any CPU
		Release|Any CPU = Release|Any CPU
	EndGlobalSection
	GlobalSection(ProjectConfigurationPlatforms) = postSolution
		{27772084-D5B8-4F48-B358-F1F3C55E47D2}.Debug|Any CPU.ActiveCfg = Debug|Any CPU
		{27772084-D5B8-4F48-B358-F1F3C55E47D2}.Debug|Any CPU.Build.0 = Debug|Any CPU
		{27772084-D5B8-4F48-B358-F1F3C55E47D2}.Release|Any CPU.ActiveCfg = Release|Any CPU
		{27772084-D5B8-4F48-B358-F1F3C55E47D2}.Release|Any CPU.Build.0 = Release|Any CPU
	EndGlobalSection
	GlobalSection(SolutionProperties) = preSolution
		HideSolutionNode = FALSE
	EndGlobalSection
	GlobalSection(ExtensibilityGlobals) = postSolution
		SolutionGuid = {ACA5F152-B463-432A-8BE2-587272272599}
	EndGlobalSection
EndGlobal
